
Microsoft Visual Studio Solution File, Format Version 12.00
# Visual Studio Version 17
VisualStudioVersion = 17.9.34728.123
MinimumVisualStudioVersion = 10.0.40219.1
Project("{FAE04EC0-301F-11D3-BF4B-00C04F79EFBC}") = "CategoryProcessor", "CategoryProcessor\CategoryProcessor.csproj", "{F5F854D4-D20F-48F5-B11E-2806D847F75C}"
EndProject
Global
	GlobalSection(SolutionConfigurationPlatforms) = preSolution
		Debug|Any CPU = Debug|Any CPU
		Release|Any CPU = Release|Any CPU
	EndGlobalSection
	GlobalSection(ProjectConfigurationPlatforms) = postSolution
		{F5F854D4-D20F-48F5-B11E-2806D847F75C}.Debug|Any CPU.ActiveCfg = Debug|Any CPU
		{F5F854D4-D20F-48F5-B11E-2806D847F75C}.Debug|Any CPU.Build.0 = Debug|Any CPU
		{F5F854D4-D20F-48F5-B11E-2806D847F75C}.Release|Any CPU.ActiveCfg = Release|Any CPU
		{F5F854D4-D20F-48F5-B11E-2806D847F75C}.Release|Any CPU.Build.0 = Release|Any CPU
	EndGlobalSection
	GlobalSection(SolutionProperties) = preSolution
		HideSolutionNode = FALSE
	EndGlobalSection
	GlobalSection(ExtensibilityGlobals) = postSolution
		SolutionGuid = {FE8D7DA3-FE3A-4384-A352-D87D273929CE}
	EndGlobalSection
EndGlobal
